
Microsoft Visual Studio Solution File, Format Version 12.00
# Visual Studio Version 16
VisualStudioVersion = 16.0.29009.5
MinimumVisualStudioVersion = 10.0.40219.1
Project("{FAE04EC0-301F-11D3-BF4B-00C04F79EFBC}") = "SeleniumTut", "SeleniumTut\SeleniumTut.csproj", "{41E5C0D9-C666-4700-9DCB-B64BF2E92C44}"
EndProject
Project("{FAE04EC0-301F-11D3-BF4B-00C04F79EFBC}") = "ClassNamer", "ClassNamer\ClassNamer.csproj", "{EEEB819C-AC78-4EC4-BAE3-E09B34485AC4}"
EndProject
Global
	GlobalSection(SolutionConfigurationPlatforms) = preSolution
		Debug|Any CPU = Debug|Any CPU
		Release|Any CPU = Release|Any CPU
	EndGlobalSection
	GlobalSection(ProjectConfigurationPlatforms) = postSolution
		{41E5C0D9-C666-4700-9DCB-B64BF2E92C44}.Debug|Any CPU.ActiveCfg = Debug|Any CPU
		{41E5C0D9-C666-4700-9DCB-B64BF2E92C44}.Debug|Any CPU.Build.0 = Debug|Any CPU
		{41E5C0D9-C666-4700-9DCB-B64BF2E92C44}.Release|Any CPU.ActiveCfg = Release|Any CPU
		{41E5C0D9-C666-4700-9DCB-B64BF2E92C44}.Release|Any CPU.Build.0 = Release|Any CPU
		{EEEB819C-AC78-4EC4-BAE3-E09B34485AC4}.Debug|Any CPU.ActiveCfg = Debug|Any CPU
		{EEEB819C-AC78-4EC4-BAE3-E09B34485AC4}.Debug|Any CPU.Build.0 = Debug|Any CPU
		{EEEB819C-AC78-4EC4-BAE3-E09B34485AC4}.Release|Any CPU.ActiveCfg = Release|Any CPU
		{EEEB819C-AC78-4EC4-BAE3-E09B34485AC4}.Release|Any CPU.Build.0 = Release|Any CPU
	EndGlobalSection
	GlobalSection(SolutionProperties) = preSolution
		HideSolutionNode = FALSE
	EndGlobalSection
	GlobalSection(ExtensibilityGlobals) = postSolution
		SolutionGuid = {6E3B7D9C-682F-4239-96E0-7B7B684F73CD}
	EndGlobalSection
EndGlobal
